// !$*UTF8*$!
{
	archiveVersion = 1;
	classes = {
	};
	objectVersion = 46;
	objects = {

/* Begin PBXBuildFile section */
		E101A2931F61C6BF0068636D /* AppDelegate.swift in Sources */ = {isa = PBXBuildFile; fileRef = E101A2921F61C6BF0068636D /* AppDelegate.swift */; };
		E101A2951F61C6BF0068636D /* ViewController.swift in Sources */ = {isa = PBXBuildFile; fileRef = E101A2941F61C6BF0068636D /* ViewController.swift */; };
		E101A2981F61C6BF0068636D /* Main.storyboard in Resources */ = {isa = PBXBuildFile; fileRef = E101A2961F61C6BF0068636D /* Main.storyboard */; };
		E101A29A1F61C6BF0068636D /* Assets.xcassets in Resources */ = {isa = PBXBuildFile; fileRef = E101A2991F61C6BF0068636D /* Assets.xcassets */; };
		E101A29D1F61C6BF0068636D /* LaunchScreen.storyboard in Resources */ = {isa = PBXBuildFile; fileRef = E101A29B1F61C6BF0068636D /* LaunchScreen.storyboard */; };
		E101A2A51F61C6CC0068636D /* Post.swift in Sources */ = {isa = PBXBuildFile; fileRef = E101A2A41F61C6CC0068636D /* Post.swift */; };
/* End PBXBuildFile section */

/* Begin PBXFileReference section */
		E101A28F1F61C6BF0068636D /* Nutstagram.app */ = {isa = PBXFileReference; explicitFileType = wrapper.application; includeInIndex = 0; path = Nutstagram.app; sourceTree = BUILT_PRODUCTS_DIR; };
		E101A2921F61C6BF0068636D /* AppDelegate.swift */ = {isa = PBXFileReference; lastKnownFileType = sourcecode.swift; path = AppDelegate.swift; sourceTree = "<group>"; };
		E101A2941F61C6BF0068636D /* ViewController.swift */ = {isa = PBXFileReference; lastKnownFileType = sourcecode.swift; path = ViewController.swift; sourceTree = "<group>"; };
		E101A2971F61C6BF0068636D /* Base */ = {isa = PBXFileReference; lastKnownFileType = file.storyboard; name = Base; path = Base.lproj/Main.storyboard; sourceTree = "<group>"; };
		E101A2991F61C6BF0068636D /* Assets.xcassets */ = {isa = PBXFileReference; lastKnownFileType = folder.assetcatalog; path = Assets.xcassets; sourceTree = "<group>"; };
		E101A29C1F61C6BF0068636D /* Base */ = {isa = PBXFileReference; lastKnownFileType = file.storyboard; name = Base; path = Base.lproj/LaunchScreen.storyboard; sourceTree = "<group>"; };
		E101A29E1F61C6BF0068636D /* Info.plist */ = {isa = PBXFileReference; lastKnownFileType = text.plist.xml; path = Info.plist; sourceTree = "<group>"; };
		E101A2A41F61C6CC0068636D /* Post.swift */ = {isa = PBXFileReference; fileEncoding = 4; lastKnownFileType = sourcecode.swift; path = Post.swift; sourceTree = "<group>"; };
/* End PBXFileReference section */

/* Begin PBXFrameworksBuildPhase section */
		E101A28C1F61C6BF0068636D /* Frameworks */ = {
			isa = PBXFrameworksBuildPhase;
			buildActionMask = 2147483647;
			files = (
			);
			runOnlyForDeploymentPostprocessing = 0;
		};
/* End PBXFrameworksBuildPhase section */

/* Begin PBXGroup section */
		E101A2861F61C6BF0068636D = {
			isa = PBXGroup;
			children = (
				E101A2911F61C6BF0068636D /* Nutstagram */,
				E101A2901F61C6BF0068636D /* Products */,
			);
			sourceTree = "<group>";
		};
		E101A2901F61C6BF0068636D /* Products */ = {
			isa = PBXGroup;
			children = (
				E101A28F1F61C6BF0068636D /* Nutstagram.app */,
			);
			name = Products;
			sourceTree = "<group>";
		};
		E101A2911F61C6BF0068636D /* Nutstagram */ = {
			isa = PBXGroup;
			children = (
				E101A2921F61C6BF0068636D /* AppDelegate.swift */,
				E101A2941F61C6BF0068636D /* ViewController.swift */,
				E101A2A41F61C6CC0068636D /* Post.swift */,
				E101A2961F61C6BF0068636D /* Main.storyboard */,
				E101A2991F61C6BF0068636D /* Assets.xcassets */,
				E101A29B1F61C6BF0068636D /* LaunchScreen.storyboard */,
				E101A29E1F61C6BF0068636D /* Info.plist */,
			);
			path = Nutstagram;
			sourceTree = "<group>";
		};
/* End PBXGroup section */

/* Begin PBXNativeTarget section */
		E101A28E1F61C6BF0068636D /* Nutstagram */ = {
			isa = PBXNativeTarget;
			buildConfigurationList = E101A2A11F61C6BF0068636D /* Build configuration list for PBXNativeTarget "Nutstagram" */;
			buildPhases = (
				E101A28B1F61C6BF0068636D /* Sources */,
				E101A28C1F61C6BF0068636D /* Frameworks */,
				E101A28D1F61C6BF0068636D /* Resources */,
			);
			buildRules = (
			);
			dependencies = (
			);
			name = Nutstagram;
			productName = Nutstagram;
			productReference = E101A28F1F61C6BF0068636D /* Nutstagram.app */;
			productType = "com.apple.product-type.application";
		};
/* End PBXNativeTarget section */

/* Begin PBXProject section */
		E101A2871F61C6BF0068636D /* Project object */ = {
			isa = PBXProject;
			attributes = {
				LastSwiftUpdateCheck = 0830;
				LastUpgradeCheck = 0830;
				ORGANIZATIONNAME = "Jared Franzone";
				TargetAttributes = {
					E101A28E1F61C6BF0068636D = {
						CreatedOnToolsVersion = 8.3.3;
						DevelopmentTeam = YUJ6F2XYZW;
						ProvisioningStyle = Automatic;
					};
				};
			};
			buildConfigurationList = E101A28A1F61C6BF0068636D /* Build configuration list for PBXProject "Nutstagram" */;
			compatibilityVersion = "Xcode 3.2";
			developmentRegion = English;
			hasScannedForEncodings = 0;
			knownRegions = (
				en,
				Base,
			);
			mainGroup = E101A2861F61C6BF0068636D;
			productRefGroup = E101A2901F61C6BF0068636D /* Products */;
			projectDirPath = "";
			projectRoot = "";
			targets = (
				E101A28E1F61C6BF0068636D /* Nutstagram */,
			);
		};
/* End PBXProject section */

/* Begin PBXResourcesBuildPhase section */
		E101A28D1F61C6BF0068636D /* Resources */ = {
			isa = PBXResourcesBuildPhase;
			buildActionMask = 2147483647;
			files = (
				E101A29D1F61C6BF0068636D /* LaunchScreen.storyboard in Resources */,
				E101A29A1F61C6BF0068636D /* Assets.xcassets in Resources */,
				E101A2981F61C6BF0068636D /* Main.storyboard in Resources */,
			);
			runOnlyForDeploymentPostprocessing = 0;
		};
/* End PBXResourcesBuildPhase section */

/* Begin PBXSourcesBuildPhase section */
		E101A28B1F61C6BF0068636D /* Sources */ = {
			isa = PBXSourcesBuildPhase;
			buildActionMask = 2147483647;
			files = (
				E101A2A51F61C6CC0068636D /* Post.swift in Sources */,
				E101A2951F61C6BF0068636D /* ViewController.swift in Sources */,
				E101A2931F61C6BF0068636D /* AppDelegate.swift in Sources */,
			);
			runOnlyForDeploymentPostprocessing = 0;
		};
/* End PBXSourcesBuildPhase section */

/* Begin PBXVariantGroup section */
		E101A2961F61C6BF0068636D /* Main.storyboard */ = {
			isa = PBXVariantGroup;
			children = (
				E101A2971F61C6BF0068636D /* Base */,
			);
			name = Main.storyboard;
			sourceTree = "<group>";
		};
		E101A29B1F61C6BF0068636D /* LaunchScreen.storyboard */ = {
			isa = PBXVariantGroup;
			children = (
				E101A29C1F61C6BF0068636D /* Base */,
			);
			name = LaunchScreen.storyboard;
			sourceTree = "<group>";
		};
/* End PBXVariantGroup section */

/* Begin XCBuildConfiguration section */
		E101A29F1F61C6BF0068636D /* Debug */ = {
			isa = XCBuildConfiguration;
			buildSettings = {
				ALWAYS_SEARCH_USER_PATHS = NO;
				CLANG_ANALYZER_NONNULL = YES;
				CLANG_ANALYZER_NUMBER_OBJECT_CONVERSION = YES_AGGRESSIVE;
				CLANG_CXX_LANGUAGE_STANDARD = "gnu++0x";
				CLANG_CXX_LIBRARY = "libc++";
				CLANG_ENABLE_MODULES = YES;
				CLANG_ENABLE_OBJC_ARC = YES;
				CLANG_WARN_BOOL_CONVERSION = YES;
				CLANG_WARN_CONSTANT_CONVERSION = YES;
				CLANG_WARN_DIRECT_OBJC_ISA_USAGE = YES_ERROR;
				CLANG_WARN_DOCUMENTATION_COMMENTS = YES;
				CLANG_WARN_EMPTY_BODY = YES;
				CLANG_WARN_ENUM_CONVERSION = YES;
				CLANG_WARN_INFINITE_RECURSION = YES;
				CLANG_WARN_INT_CONVERSION = YES;
				CLANG_WARN_OBJC_ROOT_CLASS = YES_ERROR;
				CLANG_WARN_SUSPICIOUS_MOVE = YES;
				CLANG_WARN_UNREACHABLE_CODE = YES;
				CLANG_WARN__DUPLICATE_METHOD_MATCH = YES;
				"CODE_SIGN_IDENTITY[sdk=iphoneos*]" = "iPhone Developer";
				COPY_PHASE_STRIP = NO;
				DEBUG_INFORMATION_FORMAT = dwarf;
				ENABLE_STRICT_OBJC_MSGSEND = YES;
				ENABLE_TESTABILITY = YES;
				GCC_C_LANGUAGE_STANDARD = gnu99;
				GCC_DYNAMIC_NO_PIC = NO;
				GCC_NO_COMMON_BLOCKS = YES;
				GCC_OPTIMIZATION_LEVEL = 0;
				GCC_PREPROCESSOR_DEFINITIONS = (
					"DEBUG=1",
					"$(inherited)",
				);
				GCC_WARN_64_TO_32_BIT_CONVERSION = YES;
				GCC_WARN_ABOUT_RETURN_TYPE = YES_ERROR;
				GCC_WARN_UNDECLARED_SELECTOR = YES;
				GCC_WARN_UNINITIALIZED_AUTOS = YES_AGGRESSIVE;
				GCC_WARN_UNUSED_FUNCTION = YES;
				GCC_WARN_UNUSED_VARIABLE = YES;
				IPHONEOS_DEPLOYMENT_TARGET = 10.3;
				MTL_ENABLE_DEBUG_INFO = YES;
				ONLY_ACTIVE_ARCH = YES;
				SDKROOT = iphoneos;
				SWIFT_ACTIVE_COMPILATION_CONDITIONS = DEBUG;
				SWIFT_OPTIMIZATION_LEVEL = "-Onone";
				TARGETED_DEVICE_FAMILY = "1,2";
			};
			name = Debug;
		};
		E101A2A01F61C6BF0068636D /* Release */ = {
			isa = XCBuildConfiguration;
			buildSettings = {
				ALWAYS_SEARCH_USER_PATHS = NO;
				CLANG_ANALYZER_NONNULL = YES;
				CLANG_ANALYZER_NUMBER_OBJECT_CONVERSION = YES_AGGRESSIVE;
				CLANG_CXX_LANGUAGE_STANDARD = "gnu++0x";
				CLANG_CXX_LIBRARY = "libc++";
				CLANG_ENABLE_MODULES = YES;
				CLANG_ENABLE_OBJC_ARC = YES;
				CLANG_WARN_BOOL_CONVERSION = YES;
				CLANG_WARN_CONSTANT_CONVERSION = YES;
				CLANG_WARN_DIRECT_OBJC_ISA_USAGE = YES_ERROR;
				CLANG_WARN_DOCUMENTATION_COMMENTS = YES;
				CLANG_WARN_EMPTY_BODY = YES;
				CLANG_WARN_ENUM_CONVERSION = YES;
				CLANG_WARN_INFINITE_RECURSION = YES;
				CLANG_WARN_INT_CONVERSION = YES;
				CLANG_WARN_OBJC_ROOT_CLASS = YES_ERROR;
				CLANG_WARN_SUSPICIOUS_MOVE = YES;
				CLANG_WARN_UNREACHABLE_CODE = YES;
				CLANG_WARN__DUPLICATE_METHOD_MATCH = YES;
				"CODE_SIGN_IDENTITY[sdk=iphoneos*]" = "iPhone Developer";
				COPY_PHASE_STRIP = NO;
				DEBUG_INFORMATION_FORMAT = "dwarf-with-dsym";
				ENABLE_NS_ASSERTIONS = NO;
				ENABLE_STRICT_OBJC_MSGSEND = YES;
				GCC_C_LANGUAGE_STANDARD = gnu99;
				GCC_NO_COMMON_BLOCKS = YES;
				GCC_WARN_64_TO_32_BIT_CONVERSION = YES;
				GCC_WARN_ABOUT_RETURN_TYPE = YES_ERROR;
				GCC_WARN_UNDECLARED_SELECTOR = YES;
				GCC_WARN_UNINITIALIZED_AUTOS = YES_AGGRESSIVE;
				GCC_WARN_UNUSED_FUNCTION = YES;
				GCC_WARN_UNUSED_VARIABLE = YES;
				IPHONEOS_DEPLOYMENT_TARGET = 10.3;
				MTL_ENABLE_DEBUG_INFO = NO;
				SDKROOT = iphoneos;
				SWIFT_OPTIMIZATION_LEVEL = "-Owholemodule";
				TARGETED_DEVICE_FAMILY = "1,2";
				VALIDATE_PRODUCT = YES;
			};
			name = Release;
		};
		E101A2A21F61C6BF0068636D /* Debug */ = {
			isa = XCBuildConfiguration;
			buildSettings = {
				ASSETCATALOG_COMPILER_APPICON_NAME = AppIcon;
				DEVELOPMENT_TEAM = YUJ6F2XYZW;
				INFOPLIST_FILE = Nutstagram/Info.plist;
				LD_RUNPATH_SEARCH_PATHS = "$(inherited) @executable_path/Frameworks";
				PRODUCT_BUNDLE_IDENTIFIER = com.new.Nutstagram;
				PRODUCT_NAME = "$(TARGET_NAME)";
				SWIFT_VERSION = 3.0;
			};
			name = Debug;
		};
		E101A2A31F61C6BF0068636D /* Release */ = {
			isa = XCBuildConfiguration;
			buildSettings = {
				ASSETCATALOG_COMPILER_APPICON_NAME = AppIcon;
				DEVELOPMENT_TEAM = YUJ6F2XYZW;
				INFOPLIST_FILE = Nutstagram/Info.plist;
				LD_RUNPATH_SEARCH_PATHS = "$(inherited) @executable_path/Frameworks";
				PRODUCT_BUNDLE_IDENTIFIER = com.new.Nutstagram;
				PRODUCT_NAME = "$(TARGET_NAME)";
				SWIFT_VERSION = 3.0;
			};
			name = Release;
		};
/* End XCBuildConfiguration section */

/* Begin XCConfigurationList section */
		E101A28A1F61C6BF0068636D /* Build configuration list for PBXProject "Nutstagram" */ = {
			isa = XCConfigurationList;
			buildConfigurations = (
				E101A29F1F61C6BF0068636D /* Debug */,
				E101A2A01F61C6BF0068636D /* Release */,
			);
			defaultConfigurationIsVisible = 0;
			defaultConfigurationName = Release;
		};
		E101A2A11F61C6BF0068636D /* Build configuration list for PBXNativeTarget "Nutstagram" */ = {
			isa = XCConfigurationList;
			buildConfigurations = (
				E101A2A21F61C6BF0068636D /* Debug */,
				E101A2A31F61C6BF0068636D /* Release */,
			);
			defaultConfigurationIsVisible = 0;
		};
/* End XCConfigurationList section */
	};
	rootObject = E101A2871F61C6BF0068636D /* Project object */;
}
